// !$*UTF8*$!
{
	archiveVersion = 1;
	classes = {
	};
	objectVersion = 55;
	objects = {

/* Begin PBXBuildFile section */
		EDBB79A926CE421E008B8660 /* AppDelegate.m in Sources */ = {isa = PBXBuildFile; fileRef = EDBB79A826CE421E008B8660 /* AppDelegate.m */; };
		EDBB79AC26CE421E008B8660 /* SceneDelegate.m in Sources */ = {isa = PBXBuildFile; fileRef = EDBB79AB26CE421E008B8660 /* SceneDelegate.m */; };
		EDBB79AF26CE421E008B8660 /* ViewController.m in Sources */ = {isa = PBXBuildFile; fileRef = EDBB79AE26CE421E008B8660 /* ViewController.m */; };
		EDBB79B226CE421E008B8660 /* Main.storyboard in Resources */ = {isa = PBXBuildFile; fileRef = EDBB79B026CE421E008B8660 /* Main.storyboard */; };
		EDBB79B426CE4220008B8660 /* Assets.xcassets in Resources */ = {isa = PBXBuildFile; fileRef = EDBB79B326CE4220008B8660 /* Assets.xcassets */; };
		EDBB79B726CE4220008B8660 /* LaunchScreen.storyboard in Resources */ = {isa = PBXBuildFile; fileRef = EDBB79B526CE4220008B8660 /* LaunchScreen.storyboard */; };
		EDBB79BA26CE4220008B8660 /* main.m in Sources */ = {isa = PBXBuildFile; fileRef = EDBB79B926CE4220008B8660 /* main.m */; };
		EDBB79C426CE4292008B8660 /* YPEmoji.m in Sources */ = {isa = PBXBuildFile; fileRef = EDBB79C326CE4292008B8660 /* YPEmoji.m */; };
		EDBB79C826CE4367008B8660 /* CheckNetworkSpeed.m in Sources */ = {isa = PBXBuildFile; fileRef = EDBB79C626CE4367008B8660 /* CheckNetworkSpeed.m */; };
		EDBB79CA26CE438B008B8660 /* README.md in Resources */ = {isa = PBXBuildFile; fileRef = EDBB79C926CE438B008B8660 /* README.md */; };
		EDBB79D026CE46D1008B8660 /* ZSAssetOperator.m in Sources */ = {isa = PBXBuildFile; fileRef = EDBB79CD26CE46D1008B8660 /* ZSAssetOperator.m */; };
		EDBB79D126CE46D1008B8660 /* ZSAssetModel.m in Sources */ = {isa = PBXBuildFile; fileRef = EDBB79CE26CE46D1008B8660 /* ZSAssetModel.m */; };
		EDBB79F726CE4E53008B8660 /* IAPTool.m in Sources */ = {isa = PBXBuildFile; fileRef = EDBB79F526CE4E53008B8660 /* IAPTool.m */; };
		EDBB7A0D26CE4FA7008B8660 /* AssetDemoViewController.m in Sources */ = {isa = PBXBuildFile; fileRef = EDBB79FB26CE4FA7008B8660 /* AssetDemoViewController.m */; };
		EDBB7A0E26CE4FA7008B8660 /* video1.mp4 in Resources */ = {isa = PBXBuildFile; fileRef = EDBB79FD26CE4FA7008B8660 /* video1.mp4 */; };
		EDBB7A0F26CE4FA7008B8660 /* img9.jpg in Resources */ = {isa = PBXBuildFile; fileRef = EDBB79FE26CE4FA7008B8660 /* img9.jpg */; };
		EDBB7A1026CE4FA7008B8660 /* img8.jpg in Resources */ = {isa = PBXBuildFile; fileRef = EDBB79FF26CE4FA7008B8660 /* img8.jpg */; };
		EDBB7A1126CE4FA7008B8660 /* video2.mp4 in Resources */ = {isa = PBXBuildFile; fileRef = EDBB7A0026CE4FA7008B8660 /* video2.mp4 */; };
		EDBB7A1226CE4FA7008B8660 /* img5.jpg in Resources */ = {isa = PBXBuildFile; fileRef = EDBB7A0126CE4FA7008B8660 /* img5.jpg */; };
		EDBB7A1326CE4FA7008B8660 /* img4.jpg in Resources */ = {isa = PBXBuildFile; fileRef = EDBB7A0226CE4FA7008B8660 /* img4.jpg */; };
		EDBB7A1426CE4FA7008B8660 /* img6.jpg in Resources */ = {isa = PBXBuildFile; fileRef = EDBB7A0326CE4FA7008B8660 /* img6.jpg */; };
		EDBB7A1526CE4FA7008B8660 /* img7.jpg in Resources */ = {isa = PBXBuildFile; fileRef = EDBB7A0426CE4FA7008B8660 /* img7.jpg */; };
		EDBB7A1626CE4FA7008B8660 /* img3.jpg in Resources */ = {isa = PBXBuildFile; fileRef = EDBB7A0526CE4FA7008B8660 /* img3.jpg */; };
		EDBB7A1726CE4FA7008B8660 /* img2.jpg in Resources */ = {isa = PBXBuildFile; fileRef = EDBB7A0626CE4FA7008B8660 /* img2.jpg */; };
		EDBB7A1826CE4FA7008B8660 /* img0.jpg in Resources */ = {isa = PBXBuildFile; fileRef = EDBB7A0726CE4FA7008B8660 /* img0.jpg */; };
		EDBB7A1926CE4FA7008B8660 /* img1.jpg in Resources */ = {isa = PBXBuildFile; fileRef = EDBB7A0826CE4FA7008B8660 /* img1.jpg */; };
		EDBB7A1A26CE4FA7008B8660 /* img11.jpg in Resources */ = {isa = PBXBuildFile; fileRef = EDBB7A0926CE4FA7008B8660 /* img11.jpg */; };
		EDBB7A1B26CE4FA7008B8660 /* img10.jpg in Resources */ = {isa = PBXBuildFile; fileRef = EDBB7A0A26CE4FA7008B8660 /* img10.jpg */; };
		EDBB7A1C26CE4FA7008B8660 /* AssetDemoViewController.xib in Resources */ = {isa = PBXBuildFile; fileRef = EDBB7A0B26CE4FA7008B8660 /* AssetDemoViewController.xib */; };
/* End PBXBuildFile section */

/* Begin PBXFileReference section */
		EDBB79A426CE421E008B8660 /* YPKit.app */ = {isa = PBXFileReference; explicitFileType = wrapper.application; includeInIndex = 0; path = YPKit.app; sourceTree = BUILT_PRODUCTS_DIR; };
		EDBB79A726CE421E008B8660 /* AppDelegate.h */ = {isa = PBXFileReference; lastKnownFileType = sourcecode.c.h; path = AppDelegate.h; sourceTree = "<group>"; };
		EDBB79A826CE421E008B8660 /* AppDelegate.m */ = {isa = PBXFileReference; lastKnownFileType = sourcecode.c.objc; path = AppDelegate.m; sourceTree = "<group>"; };
		EDBB79AA26CE421E008B8660 /* SceneDelegate.h */ = {isa = PBXFileReference; lastKnownFileType = sourcecode.c.h; path = SceneDelegate.h; sourceTree = "<group>"; };
		EDBB79AB26CE421E008B8660 /* SceneDelegate.m */ = {isa = PBXFileReference; lastKnownFileType = sourcecode.c.objc; path = SceneDelegate.m; sourceTree = "<group>"; };
		EDBB79AD26CE421E008B8660 /* ViewController.h */ = {isa = PBXFileReference; lastKnownFileType = sourcecode.c.h; path = ViewController.h; sourceTree = "<group>"; };
		EDBB79AE26CE421E008B8660 /* ViewController.m */ = {isa = PBXFileReference; lastKnownFileType = sourcecode.c.objc; path = ViewController.m; sourceTree = "<group>"; };
		EDBB79B126CE421E008B8660 /* Base */ = {isa = PBXFileReference; lastKnownFileType = file.storyboard; name = Base; path = Base.lproj/Main.storyboard; sourceTree = "<group>"; };
		EDBB79B326CE4220008B8660 /* Assets.xcassets */ = {isa = PBXFileReference; lastKnownFileType = folder.assetcatalog; path = Assets.xcassets; sourceTree = "<group>"; };
		EDBB79B626CE4220008B8660 /* Base */ = {isa = PBXFileReference; lastKnownFileType = file.storyboard; name = Base; path = Base.lproj/LaunchScreen.storyboard; sourceTree = "<group>"; };
		EDBB79B826CE4220008B8660 /* Info.plist */ = {isa = PBXFileReference; lastKnownFileType = text.plist.xml; path = Info.plist; sourceTree = "<group>"; };
		EDBB79B926CE4220008B8660 /* main.m */ = {isa = PBXFileReference; lastKnownFileType = sourcecode.c.objc; path = main.m; sourceTree = "<group>"; };
		EDBB79C226CE4292008B8660 /* YPEmoji.h */ = {isa = PBXFileReference; lastKnownFileType = sourcecode.c.h; path = YPEmoji.h; sourceTree = "<group>"; };
		EDBB79C326CE4292008B8660 /* YPEmoji.m */ = {isa = PBXFileReference; lastKnownFileType = sourcecode.c.objc; path = YPEmoji.m; sourceTree = "<group>"; };
		EDBB79C626CE4367008B8660 /* CheckNetworkSpeed.m */ = {isa = PBXFileReference; fileEncoding = 4; lastKnownFileType = sourcecode.c.objc; path = CheckNetworkSpeed.m; sourceTree = "<group>"; };
		EDBB79C726CE4367008B8660 /* CheckNetworkSpeed.h */ = {isa = PBXFileReference; fileEncoding = 4; lastKnownFileType = sourcecode.c.h; path = CheckNetworkSpeed.h; sourceTree = "<group>"; };
		EDBB79C926CE438B008B8660 /* README.md */ = {isa = PBXFileReference; fileEncoding = 4; lastKnownFileType = net.daringfireball.markdown; path = README.md; sourceTree = SOURCE_ROOT; };
		EDBB79CC26CE46D1008B8660 /* ZSAssetModel.h */ = {isa = PBXFileReference; fileEncoding = 4; lastKnownFileType = sourcecode.c.h; path = ZSAssetModel.h; sourceTree = "<group>"; };
		EDBB79CD26CE46D1008B8660 /* ZSAssetOperator.m */ = {isa = PBXFileReference; fileEncoding = 4; lastKnownFileType = sourcecode.c.objc; path = ZSAssetOperator.m; sourceTree = "<group>"; };
		EDBB79CE26CE46D1008B8660 /* ZSAssetModel.m */ = {isa = PBXFileReference; fileEncoding = 4; lastKnownFileType = sourcecode.c.objc; path = ZSAssetModel.m; sourceTree = "<group>"; };
		EDBB79CF26CE46D1008B8660 /* ZSAssetOperator.h */ = {isa = PBXFileReference; fileEncoding = 4; lastKnownFileType = sourcecode.c.h; path = ZSAssetOperator.h; sourceTree = "<group>"; };
		EDBB79F526CE4E53008B8660 /* IAPTool.m */ = {isa = PBXFileReference; fileEncoding = 4; lastKnownFileType = sourcecode.c.objc; path = IAPTool.m; sourceTree = "<group>"; };
		EDBB79F626CE4E53008B8660 /* IAPTool.h */ = {isa = PBXFileReference; fileEncoding = 4; lastKnownFileType = sourcecode.c.h; path = IAPTool.h; sourceTree = "<group>"; };
		EDBB79FB26CE4FA7008B8660 /* AssetDemoViewController.m */ = {isa = PBXFileReference; fileEncoding = 4; lastKnownFileType = sourcecode.c.objc; path = AssetDemoViewController.m; sourceTree = "<group>"; };
		EDBB79FD26CE4FA7008B8660 /* video1.mp4 */ = {isa = PBXFileReference; lastKnownFileType = file; path = video1.mp4; sourceTree = "<group>"; };
		EDBB79FE26CE4FA7008B8660 /* img9.jpg */ = {isa = PBXFileReference; lastKnownFileType = image.jpeg; path = img9.jpg; sourceTree = "<group>"; };
		EDBB79FF26CE4FA7008B8660 /* img8.jpg */ = {isa = PBXFileReference; lastKnownFileType = image.jpeg; path = img8.jpg; sourceTree = "<group>"; };
		EDBB7A0026CE4FA7008B8660 /* video2.mp4 */ = {isa = PBXFileReference; lastKnownFileType = file; path = video2.mp4; sourceTree = "<group>"; };
		EDBB7A0126CE4FA7008B8660 /* img5.jpg */ = {isa = PBXFileReference; lastKnownFileType = image.jpeg; path = img5.jpg; sourceTree = "<group>"; };
		EDBB7A0226CE4FA7008B8660 /* img4.jpg */ = {isa = PBXFileReference; lastKnownFileType = image.jpeg; path = img4.jpg; sourceTree = "<group>"; };
		EDBB7A0326CE4FA7008B8660 /* img6.jpg */ = {isa = PBXFileReference; lastKnownFileType = image.jpeg; path = img6.jpg; sourceTree = "<group>"; };
		EDBB7A0426CE4FA7008B8660 /* img7.jpg */ = {isa = PBXFileReference; lastKnownFileType = image.jpeg; path = img7.jpg; sourceTree = "<group>"; };
		EDBB7A0526CE4FA7008B8660 /* img3.jpg */ = {isa = PBXFileReference; lastKnownFileType = image.jpeg; path = img3.jpg; sourceTree = "<group>"; };
		EDBB7A0626CE4FA7008B8660 /* img2.jpg */ = {isa = PBXFileReference; lastKnownFileType = image.jpeg; path = img2.jpg; sourceTree = "<group>"; };
		EDBB7A0726CE4FA7008B8660 /* img0.jpg */ = {isa = PBXFileReference; lastKnownFileType = image.jpeg; path = img0.jpg; sourceTree = "<group>"; };
		EDBB7A0826CE4FA7008B8660 /* img1.jpg */ = {isa = PBXFileReference; lastKnownFileType = image.jpeg; path = img1.jpg; sourceTree = "<group>"; };
		EDBB7A0926CE4FA7008B8660 /* img11.jpg */ = {isa = PBXFileReference; lastKnownFileType = image.jpeg; path = img11.jpg; sourceTree = "<group>"; };
		EDBB7A0A26CE4FA7008B8660 /* img10.jpg */ = {isa = PBXFileReference; lastKnownFileType = image.jpeg; path = img10.jpg; sourceTree = "<group>"; };
		EDBB7A0B26CE4FA7008B8660 /* AssetDemoViewController.xib */ = {isa = PBXFileReference; fileEncoding = 4; lastKnownFileType = file.xib; path = AssetDemoViewController.xib; sourceTree = "<group>"; };
		EDBB7A0C26CE4FA7008B8660 /* AssetDemoViewController.h */ = {isa = PBXFileReference; fileEncoding = 4; lastKnownFileType = sourcecode.c.h; path = AssetDemoViewController.h; sourceTree = "<group>"; };
/* End PBXFileReference section */

/* Begin PBXFrameworksBuildPhase section */
		EDBB79A126CE421E008B8660 /* Frameworks */ = {
			isa = PBXFrameworksBuildPhase;
			buildActionMask = 2147483647;
			files = (
			);
			runOnlyForDeploymentPostprocessing = 0;
		};
/* End PBXFrameworksBuildPhase section */

/* Begin PBXGroup section */
		EDBB799B26CE421E008B8660 = {
			isa = PBXGroup;
			children = (
				EDBB79A626CE421E008B8660 /* YPKit */,
				EDBB79A526CE421E008B8660 /* Products */,
			);
			sourceTree = "<group>";
		};
		EDBB79A526CE421E008B8660 /* Products */ = {
			isa = PBXGroup;
			children = (
				EDBB79A426CE421E008B8660 /* YPKit.app */,
			);
			name = Products;
			sourceTree = "<group>";
		};
		EDBB79A626CE421E008B8660 /* YPKit */ = {
			isa = PBXGroup;
			children = (
				EDBB79A726CE421E008B8660 /* AppDelegate.h */,
				EDBB79A826CE421E008B8660 /* AppDelegate.m */,
				EDBB79AA26CE421E008B8660 /* SceneDelegate.h */,
				EDBB79AB26CE421E008B8660 /* SceneDelegate.m */,
				EDBB79AD26CE421E008B8660 /* ViewController.h */,
				EDBB79AE26CE421E008B8660 /* ViewController.m */,
				EDBB79F826CE4FA7008B8660 /* demo */,
				EDBB79C926CE438B008B8660 /* README.md */,
				EDBB79C026CE427A008B8660 /* kit */,
				EDBB79B026CE421E008B8660 /* Main.storyboard */,
				EDBB79B326CE4220008B8660 /* Assets.xcassets */,
				EDBB79B526CE4220008B8660 /* LaunchScreen.storyboard */,
				EDBB79B826CE4220008B8660 /* Info.plist */,
				EDBB79B926CE4220008B8660 /* main.m */,
			);
			path = YPKit;
			sourceTree = "<group>";
		};
		EDBB79C026CE427A008B8660 /* kit */ = {
			isa = PBXGroup;
			children = (
				EDBB79F426CE4E53008B8660 /* IAPTool */,
				EDBB79CB26CE46D1008B8660 /* assetOperator */,
				EDBB79C526CE4367008B8660 /* networkSpeed */,
				EDBB79C126CE427A008B8660 /* emoji */,
			);
			path = kit;
			sourceTree = "<group>";
		};
		EDBB79C126CE427A008B8660 /* emoji */ = {
			isa = PBXGroup;
			children = (
				EDBB79C226CE4292008B8660 /* YPEmoji.h */,
				EDBB79C326CE4292008B8660 /* YPEmoji.m */,
			);
			path = emoji;
			sourceTree = "<group>";
		};
		EDBB79C526CE4367008B8660 /* networkSpeed */ = {
			isa = PBXGroup;
			children = (
				EDBB79C626CE4367008B8660 /* CheckNetworkSpeed.m */,
				EDBB79C726CE4367008B8660 /* CheckNetworkSpeed.h */,
			);
			path = networkSpeed;
			sourceTree = "<group>";
		};
		EDBB79CB26CE46D1008B8660 /* assetOperator */ = {
			isa = PBXGroup;
			children = (
				EDBB79CC26CE46D1008B8660 /* ZSAssetModel.h */,
				EDBB79CD26CE46D1008B8660 /* ZSAssetOperator.m */,
				EDBB79CE26CE46D1008B8660 /* ZSAssetModel.m */,
				EDBB79CF26CE46D1008B8660 /* ZSAssetOperator.h */,
			);
			path = assetOperator;
			sourceTree = "<group>";
		};
		EDBB79F426CE4E53008B8660 /* IAPTool */ = {
			isa = PBXGroup;
			children = (
				EDBB79F526CE4E53008B8660 /* IAPTool.m */,
				EDBB79F626CE4E53008B8660 /* IAPTool.h */,
			);
			path = IAPTool;
			sourceTree = "<group>";
		};
		EDBB79F826CE4FA7008B8660 /* demo */ = {
			isa = PBXGroup;
			children = (
				EDBB79F926CE4FA7008B8660 /* textureToVideoDemo */,
				EDBB79FA26CE4FA7008B8660 /* assetDemo */,
			);
			path = demo;
			sourceTree = "<group>";
		};
		EDBB79F926CE4FA7008B8660 /* textureToVideoDemo */ = {
			isa = PBXGroup;
			children = (
			);
			path = textureToVideoDemo;
			sourceTree = "<group>";
		};
		EDBB79FA26CE4FA7008B8660 /* assetDemo */ = {
			isa = PBXGroup;
			children = (
				EDBB79FB26CE4FA7008B8660 /* AssetDemoViewController.m */,
				EDBB79FC26CE4FA7008B8660 /* asset */,
				EDBB7A0B26CE4FA7008B8660 /* AssetDemoViewController.xib */,
				EDBB7A0C26CE4FA7008B8660 /* AssetDemoViewController.h */,
			);
			path = assetDemo;
			sourceTree = "<group>";
		};
		EDBB79FC26CE4FA7008B8660 /* asset */ = {
			isa = PBXGroup;
			children = (
				EDBB79FD26CE4FA7008B8660 /* video1.mp4 */,
				EDBB79FE26CE4FA7008B8660 /* img9.jpg */,
				EDBB79FF26CE4FA7008B8660 /* img8.jpg */,
				EDBB7A0026CE4FA7008B8660 /* video2.mp4 */,
				EDBB7A0126CE4FA7008B8660 /* img5.jpg */,
				EDBB7A0226CE4FA7008B8660 /* img4.jpg */,
				EDBB7A0326CE4FA7008B8660 /* img6.jpg */,
				EDBB7A0426CE4FA7008B8660 /* img7.jpg */,
				EDBB7A0526CE4FA7008B8660 /* img3.jpg */,
				EDBB7A0626CE4FA7008B8660 /* img2.jpg */,
				EDBB7A0726CE4FA7008B8660 /* img0.jpg */,
				EDBB7A0826CE4FA7008B8660 /* img1.jpg */,
				EDBB7A0926CE4FA7008B8660 /* img11.jpg */,
				EDBB7A0A26CE4FA7008B8660 /* img10.jpg */,
			);
			path = asset;
			sourceTree = "<group>";
		};
/* End PBXGroup section */

/* Begin PBXNativeTarget section */
		EDBB79A326CE421E008B8660 /* YPKit */ = {
			isa = PBXNativeTarget;
			buildConfigurationList = EDBB79BD26CE4220008B8660 /* Build configuration list for PBXNativeTarget "YPKit" */;
			buildPhases = (
				EDBB79A026CE421E008B8660 /* Sources */,
				EDBB79A126CE421E008B8660 /* Frameworks */,
				EDBB79A226CE421E008B8660 /* Resources */,
			);
			buildRules = (
			);
			dependencies = (
			);
			name = YPKit;
			productName = YPKit;
			productReference = EDBB79A426CE421E008B8660 /* YPKit.app */;
			productType = "com.apple.product-type.application";
		};
/* End PBXNativeTarget section */

/* Begin PBXProject section */
		EDBB799C26CE421E008B8660 /* Project object */ = {
			isa = PBXProject;
			attributes = {
				BuildIndependentTargetsInParallel = 1;
				LastUpgradeCheck = 1300;
				TargetAttributes = {
					EDBB79A326CE421E008B8660 = {
						CreatedOnToolsVersion = 13.0;
					};
				};
			};
			buildConfigurationList = EDBB799F26CE421E008B8660 /* Build configuration list for PBXProject "YPKit" */;
			compatibilityVersion = "Xcode 13.0";
			developmentRegion = en;
			hasScannedForEncodings = 0;
			knownRegions = (
				en,
				Base,
			);
			mainGroup = EDBB799B26CE421E008B8660;
			productRefGroup = EDBB79A526CE421E008B8660 /* Products */;
			projectDirPath = "";
			projectRoot = "";
			targets = (
				EDBB79A326CE421E008B8660 /* YPKit */,
			);
		};
/* End PBXProject section */

/* Begin PBXResourcesBuildPhase section */
		EDBB79A226CE421E008B8660 /* Resources */ = {
			isa = PBXResourcesBuildPhase;
			buildActionMask = 2147483647;
			files = (
				EDBB79B726CE4220008B8660 /* LaunchScreen.storyboard in Resources */,
				EDBB7A1226CE4FA7008B8660 /* img5.jpg in Resources */,
				EDBB7A1426CE4FA7008B8660 /* img6.jpg in Resources */,
				EDBB7A1626CE4FA7008B8660 /* img3.jpg in Resources */,
				EDBB7A1926CE4FA7008B8660 /* img1.jpg in Resources */,
				EDBB7A1126CE4FA7008B8660 /* video2.mp4 in Resources */,
				EDBB79B426CE4220008B8660 /* Assets.xcassets in Resources */,
				EDBB7A1B26CE4FA7008B8660 /* img10.jpg in Resources */,
				EDBB7A1C26CE4FA7008B8660 /* AssetDemoViewController.xib in Resources */,
				EDBB7A1826CE4FA7008B8660 /* img0.jpg in Resources */,
				EDBB7A0F26CE4FA7008B8660 /* img9.jpg in Resources */,
				EDBB7A0E26CE4FA7008B8660 /* video1.mp4 in Resources */,
				EDBB7A1726CE4FA7008B8660 /* img2.jpg in Resources */,
				EDBB7A1A26CE4FA7008B8660 /* img11.jpg in Resources */,
				EDBB79CA26CE438B008B8660 /* README.md in Resources */,
				EDBB79B226CE421E008B8660 /* Main.storyboard in Resources */,
				EDBB7A1026CE4FA7008B8660 /* img8.jpg in Resources */,
				EDBB7A1526CE4FA7008B8660 /* img7.jpg in Resources */,
				EDBB7A1326CE4FA7008B8660 /* img4.jpg in Resources */,
			);
			runOnlyForDeploymentPostprocessing = 0;
		};
/* End PBXResourcesBuildPhase section */

/* Begin PBXSourcesBuildPhase section */
		EDBB79A026CE421E008B8660 /* Sources */ = {
			isa = PBXSourcesBuildPhase;
			buildActionMask = 2147483647;
			files = (
				EDBB79D026CE46D1008B8660 /* ZSAssetOperator.m in Sources */,
				EDBB79AF26CE421E008B8660 /* ViewController.m in Sources */,
				EDBB79C426CE4292008B8660 /* YPEmoji.m in Sources */,
				EDBB79A926CE421E008B8660 /* AppDelegate.m in Sources */,
				EDBB79C826CE4367008B8660 /* CheckNetworkSpeed.m in Sources */,
				EDBB7A0D26CE4FA7008B8660 /* AssetDemoViewController.m in Sources */,
				EDBB79BA26CE4220008B8660 /* main.m in Sources */,
				EDBB79AC26CE421E008B8660 /* SceneDelegate.m in Sources */,
				EDBB79F726CE4E53008B8660 /* IAPTool.m in Sources */,
				EDBB79D126CE46D1008B8660 /* ZSAssetModel.m in Sources */,
			);
			runOnlyForDeploymentPostprocessing = 0;
		};
/* End PBXSourcesBuildPhase section */

/* Begin PBXVariantGroup section */
		EDBB79B026CE421E008B8660 /* Main.storyboard */ = {
			isa = PBXVariantGroup;
			children = (
				EDBB79B126CE421E008B8660 /* Base */,
			);
			name = Main.storyboard;
			sourceTree = "<group>";
		};
		EDBB79B526CE4220008B8660 /* LaunchScreen.storyboard */ = {
			isa = PBXVariantGroup;
			children = (
				EDBB79B626CE4220008B8660 /* Base */,
			);
			name = LaunchScreen.storyboard;
			sourceTree = "<group>";
		};
/* End PBXVariantGroup section */

/* Begin XCBuildConfiguration section */
		EDBB79BB26CE4220008B8660 /* Debug */ = {
			isa = XCBuildConfiguration;
			buildSettings = {
				ALWAYS_SEARCH_USER_PATHS = NO;
				CLANG_ANALYZER_NONNULL = YES;
				CLANG_ANALYZER_NUMBER_OBJECT_CONVERSION = YES_AGGRESSIVE;
				CLANG_CXX_LANGUAGE_STANDARD = "gnu++17";
				CLANG_CXX_LIBRARY = "libc++";
				CLANG_ENABLE_MODULES = YES;
				CLANG_ENABLE_OBJC_ARC = YES;
				CLANG_ENABLE_OBJC_WEAK = YES;
				CLANG_WARN_BLOCK_CAPTURE_AUTORELEASING = YES;
				CLANG_WARN_BOOL_CONVERSION = YES;
				CLANG_WARN_COMMA = YES;
				CLANG_WARN_CONSTANT_CONVERSION = YES;
				CLANG_WARN_DEPRECATED_OBJC_IMPLEMENTATIONS = YES;
				CLANG_WARN_DIRECT_OBJC_ISA_USAGE = YES_ERROR;
				CLANG_WARN_DOCUMENTATION_COMMENTS = YES;
				CLANG_WARN_EMPTY_BODY = YES;
				CLANG_WARN_ENUM_CONVERSION = YES;
				CLANG_WARN_INFINITE_RECURSION = YES;
				CLANG_WARN_INT_CONVERSION = YES;
				CLANG_WARN_NON_LITERAL_NULL_CONVERSION = YES;
				CLANG_WARN_OBJC_IMPLICIT_RETAIN_SELF = YES;
				CLANG_WARN_OBJC_LITERAL_CONVERSION = YES;
				CLANG_WARN_OBJC_ROOT_CLASS = YES_ERROR;
				CLANG_WARN_QUOTED_INCLUDE_IN_FRAMEWORK_HEADER = YES;
				CLANG_WARN_RANGE_LOOP_ANALYSIS = YES;
				CLANG_WARN_STRICT_PROTOTYPES = YES;
				CLANG_WARN_SUSPICIOUS_MOVE = YES;
				CLANG_WARN_UNGUARDED_AVAILABILITY = YES_AGGRESSIVE;
				CLANG_WARN_UNREACHABLE_CODE = YES;
				CLANG_WARN__DUPLICATE_METHOD_MATCH = YES;
				COPY_PHASE_STRIP = NO;
				DEBUG_INFORMATION_FORMAT = dwarf;
				ENABLE_STRICT_OBJC_MSGSEND = YES;
				ENABLE_TESTABILITY = YES;
				GCC_C_LANGUAGE_STANDARD = gnu11;
				GCC_DYNAMIC_NO_PIC = NO;
				GCC_NO_COMMON_BLOCKS = YES;
				GCC_OPTIMIZATION_LEVEL = 0;
				GCC_PREPROCESSOR_DEFINITIONS = (
					"DEBUG=1",
					"$(inherited)",
				);
				GCC_WARN_64_TO_32_BIT_CONVERSION = YES;
				GCC_WARN_ABOUT_RETURN_TYPE = YES_ERROR;
				GCC_WARN_UNDECLARED_SELECTOR = YES;
				GCC_WARN_UNINITIALIZED_AUTOS = YES_AGGRESSIVE;
				GCC_WARN_UNUSED_FUNCTION = YES;
				GCC_WARN_UNUSED_VARIABLE = YES;
				IPHONEOS_DEPLOYMENT_TARGET = 15.0;
				MTL_ENABLE_DEBUG_INFO = INCLUDE_SOURCE;
				MTL_FAST_MATH = YES;
				ONLY_ACTIVE_ARCH = YES;
				SDKROOT = iphoneos;
			};
			name = Debug;
		};
		EDBB79BC26CE4220008B8660 /* Release */ = {
			isa = XCBuildConfiguration;
			buildSettings = {
				ALWAYS_SEARCH_USER_PATHS = NO;
				CLANG_ANALYZER_NONNULL = YES;
				CLANG_ANALYZER_NUMBER_OBJECT_CONVERSION = YES_AGGRESSIVE;
				CLANG_CXX_LANGUAGE_STANDARD = "gnu++17";
				CLANG_CXX_LIBRARY = "libc++";
				CLANG_ENABLE_MODULES = YES;
				CLANG_ENABLE_OBJC_ARC = YES;
				CLANG_ENABLE_OBJC_WEAK = YES;
				CLANG_WARN_BLOCK_CAPTURE_AUTORELEASING = YES;
				CLANG_WARN_BOOL_CONVERSION = YES;
				CLANG_WARN_COMMA = YES;
				CLANG_WARN_CONSTANT_CONVERSION = YES;
				CLANG_WARN_DEPRECATED_OBJC_IMPLEMENTATIONS = YES;
				CLANG_WARN_DIRECT_OBJC_ISA_USAGE = YES_ERROR;
				CLANG_WARN_DOCUMENTATION_COMMENTS = YES;
				CLANG_WARN_EMPTY_BODY = YES;
				CLANG_WARN_ENUM_CONVERSION = YES;
				CLANG_WARN_INFINITE_RECURSION = YES;
				CLANG_WARN_INT_CONVERSION = YES;
				CLANG_WARN_NON_LITERAL_NULL_CONVERSION = YES;
				CLANG_WARN_OBJC_IMPLICIT_RETAIN_SELF = YES;
				CLANG_WARN_OBJC_LITERAL_CONVERSION = YES;
				CLANG_WARN_OBJC_ROOT_CLASS = YES_ERROR;
				CLANG_WARN_QUOTED_INCLUDE_IN_FRAMEWORK_HEADER = YES;
				CLANG_WARN_RANGE_LOOP_ANALYSIS = YES;
				CLANG_WARN_STRICT_PROTOTYPES = YES;
				CLANG_WARN_SUSPICIOUS_MOVE = YES;
				CLANG_WARN_UNGUARDED_AVAILABILITY = YES_AGGRESSIVE;
				CLANG_WARN_UNREACHABLE_CODE = YES;
				CLANG_WARN__DUPLICATE_METHOD_MATCH = YES;
				COPY_PHASE_STRIP = NO;
				DEBUG_INFORMATION_FORMAT = "dwarf-with-dsym";
				ENABLE_NS_ASSERTIONS = NO;
				ENABLE_STRICT_OBJC_MSGSEND = YES;
				GCC_C_LANGUAGE_STANDARD = gnu11;
				GCC_NO_COMMON_BLOCKS = YES;
				GCC_WARN_64_TO_32_BIT_CONVERSION = YES;
				GCC_WARN_ABOUT_RETURN_TYPE = YES_ERROR;
				GCC_WARN_UNDECLARED_SELECTOR = YES;
				GCC_WARN_UNINITIALIZED_AUTOS = YES_AGGRESSIVE;
				GCC_WARN_UNUSED_FUNCTION = YES;
				GCC_WARN_UNUSED_VARIABLE = YES;
				IPHONEOS_DEPLOYMENT_TARGET = 15.0;
				MTL_ENABLE_DEBUG_INFO = NO;
				MTL_FAST_MATH = YES;
				SDKROOT = iphoneos;
				VALIDATE_PRODUCT = YES;
			};
			name = Release;
		};
		EDBB79BE26CE4220008B8660 /* Debug */ = {
			isa = XCBuildConfiguration;
			buildSettings = {
				ASSETCATALOG_COMPILER_APPICON_NAME = AppIcon;
				ASSETCATALOG_COMPILER_GLOBAL_ACCENT_COLOR_NAME = AccentColor;
				CODE_SIGN_STYLE = Automatic;
				CURRENT_PROJECT_VERSION = 1;
				DEVELOPMENT_TEAM = GDGLX4B964;
				GENERATE_INFOPLIST_FILE = YES;
				INFOPLIST_FILE = YPKit/Info.plist;
				INFOPLIST_KEY_UIApplicationSupportsIndirectInputEvents = YES;
				INFOPLIST_KEY_UILaunchStoryboardName = LaunchScreen;
				INFOPLIST_KEY_UIMainStoryboardFile = Main;
				INFOPLIST_KEY_UISupportedInterfaceOrientations_iPad = "UIInterfaceOrientationPortrait UIInterfaceOrientationPortraitUpsideDown UIInterfaceOrientationLandscapeLeft UIInterfaceOrientationLandscapeRight";
				INFOPLIST_KEY_UISupportedInterfaceOrientations_iPhone = "UIInterfaceOrientationPortrait UIInterfaceOrientationLandscapeLeft UIInterfaceOrientationLandscapeRight";
				LD_RUNPATH_SEARCH_PATHS = (
					"$(inherited)",
					"@executable_path/Frameworks",
				);
				MARKETING_VERSION = 1.0;
				PRODUCT_BUNDLE_IDENTIFIER = com.bjy.YPKit;
				PRODUCT_NAME = "$(TARGET_NAME)";
				SWIFT_EMIT_LOC_STRINGS = YES;
				TARGETED_DEVICE_FAMILY = "1,2";
			};
			name = Debug;
		};
		EDBB79BF26CE4220008B8660 /* Release */ = {
			isa = XCBuildConfiguration;
			buildSettings = {
				ASSETCATALOG_COMPILER_APPICON_NAME = AppIcon;
				ASSETCATALOG_COMPILER_GLOBAL_ACCENT_COLOR_NAME = AccentColor;
				CODE_SIGN_STYLE = Automatic;
				CURRENT_PROJECT_VERSION = 1;
				DEVELOPMENT_TEAM = GDGLX4B964;
				GENERATE_INFOPLIST_FILE = YES;
				INFOPLIST_FILE = YPKit/Info.plist;
				INFOPLIST_KEY_UIApplicationSupportsIndirectInputEvents = YES;
				INFOPLIST_KEY_UILaunchStoryboardName = LaunchScreen;
				INFOPLIST_KEY_UIMainStoryboardFile = Main;
				INFOPLIST_KEY_UISupportedInterfaceOrientations_iPad = "UIInterfaceOrientationPortrait UIInterfaceOrientationPortraitUpsideDown UIInterfaceOrientationLandscapeLeft UIInterfaceOrientationLandscapeRight";
				INFOPLIST_KEY_UISupportedInterfaceOrientations_iPhone = "UIInterfaceOrientationPortrait UIInterfaceOrientationLandscapeLeft UIInterfaceOrientationLandscapeRight";
				LD_RUNPATH_SEARCH_PATHS = (
					"$(inherited)",
					"@executable_path/Frameworks",
				);
				MARKETING_VERSION = 1.0;
				PRODUCT_BUNDLE_IDENTIFIER = com.bjy.YPKit;
				PRODUCT_NAME = "$(TARGET_NAME)";
				SWIFT_EMIT_LOC_STRINGS = YES;
				TARGETED_DEVICE_FAMILY = "1,2";
			};
			name = Release;
		};
/* End XCBuildConfiguration section */

/* Begin XCConfigurationList section */
		EDBB799F26CE421E008B8660 /* Build configuration list for PBXProject "YPKit" */ = {
			isa = XCConfigurationList;
			buildConfigurations = (
				EDBB79BB26CE4220008B8660 /* Debug */,
				EDBB79BC26CE4220008B8660 /* Release */,
			);
			defaultConfigurationIsVisible = 0;
			defaultConfigurationName = Release;
		};
		EDBB79BD26CE4220008B8660 /* Build configuration list for PBXNativeTarget "YPKit" */ = {
			isa = XCConfigurationList;
			buildConfigurations = (
				EDBB79BE26CE4220008B8660 /* Debug */,
				EDBB79BF26CE4220008B8660 /* Release */,
			);
			defaultConfigurationIsVisible = 0;
			defaultConfigurationName = Release;
		};
/* End XCConfigurationList section */
	};
	rootObject = EDBB799C26CE421E008B8660 /* Project object */;
}
